// !$*UTF8*$!
{
	archiveVersion = 1;
	classes = {
	};
	objectVersion = 50;
	objects = {

/* Begin PBXBuildFile section */
		670C40B625AC8E5D0037F7F6 /* MVVMApp.swift in Sources */ = {isa = PBXBuildFile; fileRef = 670C40B525AC8E5D0037F7F6 /* MVVMApp.swift */; };
		670C40B825AC8E5D0037F7F6 /* ContentView.swift in Sources */ = {isa = PBXBuildFile; fileRef = 670C40B725AC8E5D0037F7F6 /* ContentView.swift */; };
		670C40BA25AC8E600037F7F6 /* Assets.xcassets in Resources */ = {isa = PBXBuildFile; fileRef = 670C40B925AC8E600037F7F6 /* Assets.xcassets */; };
		670C40BD25AC8E600037F7F6 /* Preview Assets.xcassets in Resources */ = {isa = PBXBuildFile; fileRef = 670C40BC25AC8E600037F7F6 /* Preview Assets.xcassets */; };
		670C40C825AC8E610037F7F6 /* MVVMTests.swift in Sources */ = {isa = PBXBuildFile; fileRef = 670C40C725AC8E610037F7F6 /* MVVMTests.swift */; };
		670C40D325AC8E610037F7F6 /* MVVMUITests.swift in Sources */ = {isa = PBXBuildFile; fileRef = 670C40D225AC8E610037F7F6 /* MVVMUITests.swift */; };
		670C40E425AC8EC50037F7F6 /* PokemonListModel.swift in Sources */ = {isa = PBXBuildFile; fileRef = 670C40E325AC8EC50037F7F6 /* PokemonListModel.swift */; };
		670C40EC25AC98C70037F7F6 /* PokemonListViewModel.swift in Sources */ = {isa = PBXBuildFile; fileRef = 670C40EB25AC98C70037F7F6 /* PokemonListViewModel.swift */; };
		670C40F125AC99060037F7F6 /* Pokemon.swift in Sources */ = {isa = PBXBuildFile; fileRef = 670C40F025AC99060037F7F6 /* Pokemon.swift */; };
/* End PBXBuildFile section */

/* Begin PBXContainerItemProxy section */
		670C40C425AC8E610037F7F6 /* PBXContainerItemProxy */ = {
			isa = PBXContainerItemProxy;
			containerPortal = 670C40AA25AC8E5D0037F7F6 /* Project object */;
			proxyType = 1;
			remoteGlobalIDString = 670C40B125AC8E5D0037F7F6;
			remoteInfo = MVVM;
		};
		670C40CF25AC8E610037F7F6 /* PBXContainerItemProxy */ = {
			isa = PBXContainerItemProxy;
			containerPortal = 670C40AA25AC8E5D0037F7F6 /* Project object */;
			proxyType = 1;
			remoteGlobalIDString = 670C40B125AC8E5D0037F7F6;
			remoteInfo = MVVM;
		};
/* End PBXContainerItemProxy section */

/* Begin PBXFileReference section */
		670C40B225AC8E5D0037F7F6 /* MVVM.app */ = {isa = PBXFileReference; explicitFileType = wrapper.application; includeInIndex = 0; path = MVVM.app; sourceTree = BUILT_PRODUCTS_DIR; };
		670C40B525AC8E5D0037F7F6 /* MVVMApp.swift */ = {isa = PBXFileReference; lastKnownFileType = sourcecode.swift; path = MVVMApp.swift; sourceTree = "<group>"; };
		670C40B725AC8E5D0037F7F6 /* ContentView.swift */ = {isa = PBXFileReference; lastKnownFileType = sourcecode.swift; path = ContentView.swift; sourceTree = "<group>"; };
		670C40B925AC8E600037F7F6 /* Assets.xcassets */ = {isa = PBXFileReference; lastKnownFileType = folder.assetcatalog; path = Assets.xcassets; sourceTree = "<group>"; };
		670C40BC25AC8E600037F7F6 /* Preview Assets.xcassets */ = {isa = PBXFileReference; lastKnownFileType = folder.assetcatalog; path = "Preview Assets.xcassets"; sourceTree = "<group>"; };
		670C40BE25AC8E600037F7F6 /* Info.plist */ = {isa = PBXFileReference; lastKnownFileType = text.plist.xml; path = Info.plist; sourceTree = "<group>"; };
		670C40C325AC8E610037F7F6 /* MVVMTests.xctest */ = {isa = PBXFileReference; explicitFileType = wrapper.cfbundle; includeInIndex = 0; path = MVVMTests.xctest; sourceTree = BUILT_PRODUCTS_DIR; };
		670C40C725AC8E610037F7F6 /* MVVMTests.swift */ = {isa = PBXFileReference; lastKnownFileType = sourcecode.swift; path = MVVMTests.swift; sourceTree = "<group>"; };
		670C40C925AC8E610037F7F6 /* Info.plist */ = {isa = PBXFileReference; lastKnownFileType = text.plist.xml; path = Info.plist; sourceTree = "<group>"; };
		670C40CE25AC8E610037F7F6 /* MVVMUITests.xctest */ = {isa = PBXFileReference; explicitFileType = wrapper.cfbundle; includeInIndex = 0; path = MVVMUITests.xctest; sourceTree = BUILT_PRODUCTS_DIR; };
		670C40D225AC8E610037F7F6 /* MVVMUITests.swift */ = {isa = PBXFileReference; lastKnownFileType = sourcecode.swift; path = MVVMUITests.swift; sourceTree = "<group>"; };
		670C40D425AC8E610037F7F6 /* Info.plist */ = {isa = PBXFileReference; lastKnownFileType = text.plist.xml; path = Info.plist; sourceTree = "<group>"; };
		670C40E325AC8EC50037F7F6 /* PokemonListModel.swift */ = {isa = PBXFileReference; lastKnownFileType = sourcecode.swift; path = PokemonListModel.swift; sourceTree = "<group>"; };
		670C40EB25AC98C70037F7F6 /* PokemonListViewModel.swift */ = {isa = PBXFileReference; lastKnownFileType = sourcecode.swift; path = PokemonListViewModel.swift; sourceTree = "<group>"; };
		670C40F025AC99060037F7F6 /* Pokemon.swift */ = {isa = PBXFileReference; lastKnownFileType = sourcecode.swift; path = Pokemon.swift; sourceTree = "<group>"; };
/* End PBXFileReference section */

/* Begin PBXFrameworksBuildPhase section */
		670C40AF25AC8E5D0037F7F6 /* Frameworks */ = {
			isa = PBXFrameworksBuildPhase;
			buildActionMask = 2147483647;
			files = (
			);
			runOnlyForDeploymentPostprocessing = 0;
		};
		670C40C025AC8E610037F7F6 /* Frameworks */ = {
			isa = PBXFrameworksBuildPhase;
			buildActionMask = 2147483647;
			files = (
			);
			runOnlyForDeploymentPostprocessing = 0;
		};
		670C40CB25AC8E610037F7F6 /* Frameworks */ = {
			isa = PBXFrameworksBuildPhase;
			buildActionMask = 2147483647;
			files = (
			);
			runOnlyForDeploymentPostprocessing = 0;
		};
/* End PBXFrameworksBuildPhase section */

/* Begin PBXGroup section */
		670C40A925AC8E5D0037F7F6 = {
			isa = PBXGroup;
			children = (
				670C40B425AC8E5D0037F7F6 /* MVVM */,
				670C40C625AC8E610037F7F6 /* MVVMTests */,
				670C40D125AC8E610037F7F6 /* MVVMUITests */,
				670C40B325AC8E5D0037F7F6 /* Products */,
			);
			sourceTree = "<group>";
		};
		670C40B325AC8E5D0037F7F6 /* Products */ = {
			isa = PBXGroup;
			children = (
				670C40B225AC8E5D0037F7F6 /* MVVM.app */,
				670C40C325AC8E610037F7F6 /* MVVMTests.xctest */,
				670C40CE25AC8E610037F7F6 /* MVVMUITests.xctest */,
			);
			name = Products;
			sourceTree = "<group>";
		};
		670C40B425AC8E5D0037F7F6 /* MVVM */ = {
			isa = PBXGroup;
			children = (
				670C40B525AC8E5D0037F7F6 /* MVVMApp.swift */,
				670C40B725AC8E5D0037F7F6 /* ContentView.swift */,
				670C40E325AC8EC50037F7F6 /* PokemonListModel.swift */,
				670C40EB25AC98C70037F7F6 /* PokemonListViewModel.swift */,
				670C40F025AC99060037F7F6 /* Pokemon.swift */,
				670C40B925AC8E600037F7F6 /* Assets.xcassets */,
				670C40BE25AC8E600037F7F6 /* Info.plist */,
				670C40BB25AC8E600037F7F6 /* Preview Content */,
			);
			path = MVVM;
			sourceTree = "<group>";
		};
		670C40BB25AC8E600037F7F6 /* Preview Content */ = {
			isa = PBXGroup;
			children = (
				670C40BC25AC8E600037F7F6 /* Preview Assets.xcassets */,
			);
			path = "Preview Content";
			sourceTree = "<group>";
		};
		670C40C625AC8E610037F7F6 /* MVVMTests */ = {
			isa = PBXGroup;
			children = (
				670C40C725AC8E610037F7F6 /* MVVMTests.swift */,
				670C40C925AC8E610037F7F6 /* Info.plist */,
			);
			path = MVVMTests;
			sourceTree = "<group>";
		};
		670C40D125AC8E610037F7F6 /* MVVMUITests */ = {
			isa = PBXGroup;
			children = (
				670C40D225AC8E610037F7F6 /* MVVMUITests.swift */,
				670C40D425AC8E610037F7F6 /* Info.plist */,
			);
			path = MVVMUITests;
			sourceTree = "<group>";
		};
/* End PBXGroup section */

/* Begin PBXNativeTarget section */
		670C40B125AC8E5D0037F7F6 /* MVVM */ = {
			isa = PBXNativeTarget;
			buildConfigurationList = 670C40D725AC8E610037F7F6 /* Build configuration list for PBXNativeTarget "MVVM" */;
			buildPhases = (
				670C40AE25AC8E5D0037F7F6 /* Sources */,
				670C40AF25AC8E5D0037F7F6 /* Frameworks */,
				670C40B025AC8E5D0037F7F6 /* Resources */,
			);
			buildRules = (
			);
			dependencies = (
			);
			name = MVVM;
			productName = MVVM;
			productReference = 670C40B225AC8E5D0037F7F6 /* MVVM.app */;
			productType = "com.apple.product-type.application";
		};
		670C40C225AC8E610037F7F6 /* MVVMTests */ = {
			isa = PBXNativeTarget;
			buildConfigurationList = 670C40DA25AC8E610037F7F6 /* Build configuration list for PBXNativeTarget "MVVMTests" */;
			buildPhases = (
				670C40BF25AC8E610037F7F6 /* Sources */,
				670C40C025AC8E610037F7F6 /* Frameworks */,
				670C40C125AC8E610037F7F6 /* Resources */,
			);
			buildRules = (
			);
			dependencies = (
				670C40C525AC8E610037F7F6 /* PBXTargetDependency */,
			);
			name = MVVMTests;
			productName = MVVMTests;
			productReference = 670C40C325AC8E610037F7F6 /* MVVMTests.xctest */;
			productType = "com.apple.product-type.bundle.unit-test";
		};
		670C40CD25AC8E610037F7F6 /* MVVMUITests */ = {
			isa = PBXNativeTarget;
			buildConfigurationList = 670C40DD25AC8E610037F7F6 /* Build configuration list for PBXNativeTarget "MVVMUITests" */;
			buildPhases = (
				670C40CA25AC8E610037F7F6 /* Sources */,
				670C40CB25AC8E610037F7F6 /* Frameworks */,
				670C40CC25AC8E610037F7F6 /* Resources */,
			);
			buildRules = (
			);
			dependencies = (
				670C40D025AC8E610037F7F6 /* PBXTargetDependency */,
			);
			name = MVVMUITests;
			productName = MVVMUITests;
			productReference = 670C40CE25AC8E610037F7F6 /* MVVMUITests.xctest */;
			productType = "com.apple.product-type.bundle.ui-testing";
		};
/* End PBXNativeTarget section */

/* Begin PBXProject section */
		670C40AA25AC8E5D0037F7F6 /* Project object */ = {
			isa = PBXProject;
			attributes = {
				LastSwiftUpdateCheck = 1230;
				LastUpgradeCheck = 1230;
				TargetAttributes = {
					670C40B125AC8E5D0037F7F6 = {
						CreatedOnToolsVersion = 12.3;
					};
					670C40C225AC8E610037F7F6 = {
						CreatedOnToolsVersion = 12.3;
						TestTargetID = 670C40B125AC8E5D0037F7F6;
					};
					670C40CD25AC8E610037F7F6 = {
						CreatedOnToolsVersion = 12.3;
						TestTargetID = 670C40B125AC8E5D0037F7F6;
					};
				};
			};
			buildConfigurationList = 670C40AD25AC8E5D0037F7F6 /* Build configuration list for PBXProject "MVVM" */;
			compatibilityVersion = "Xcode 9.3";
			developmentRegion = en;
			hasScannedForEncodings = 0;
			knownRegions = (
				en,
				Base,
			);
			mainGroup = 670C40A925AC8E5D0037F7F6;
			productRefGroup = 670C40B325AC8E5D0037F7F6 /* Products */;
			projectDirPath = "";
			projectRoot = "";
			targets = (
				670C40B125AC8E5D0037F7F6 /* MVVM */,
				670C40C225AC8E610037F7F6 /* MVVMTests */,
				670C40CD25AC8E610037F7F6 /* MVVMUITests */,
			);
		};
/* End PBXProject section */

/* Begin PBXResourcesBuildPhase section */
		670C40B025AC8E5D0037F7F6 /* Resources */ = {
			isa = PBXResourcesBuildPhase;
			buildActionMask = 2147483647;
			files = (
				670C40BD25AC8E600037F7F6 /* Preview Assets.xcassets in Resources */,
				670C40BA25AC8E600037F7F6 /* Assets.xcassets in Resources */,
			);
			runOnlyForDeploymentPostprocessing = 0;
		};
		670C40C125AC8E610037F7F6 /* Resources */ = {
			isa = PBXResourcesBuildPhase;
			buildActionMask = 2147483647;
			files = (
			);
			runOnlyForDeploymentPostprocessing = 0;
		};
		670C40CC25AC8E610037F7F6 /* Resources */ = {
			isa = PBXResourcesBuildPhase;
			buildActionMask = 2147483647;
			files = (
			);
			runOnlyForDeploymentPostprocessing = 0;
		};
/* End PBXResourcesBuildPhase section */

/* Begin PBXSourcesBuildPhase section */
		670C40AE25AC8E5D0037F7F6 /* Sources */ = {
			isa = PBXSourcesBuildPhase;
			buildActionMask = 2147483647;
			files = (
				670C40F125AC99060037F7F6 /* Pokemon.swift in Sources */,
				670C40E425AC8EC50037F7F6 /* PokemonListModel.swift in Sources */,
				670C40B825AC8E5D0037F7F6 /* ContentView.swift in Sources */,
				670C40EC25AC98C70037F7F6 /* PokemonListViewModel.swift in Sources */,
				670C40B625AC8E5D0037F7F6 /* MVVMApp.swift in Sources */,
			);
			runOnlyForDeploymentPostprocessing = 0;
		};
		670C40BF25AC8E610037F7F6 /* Sources */ = {
			isa = PBXSourcesBuildPhase;
			buildActionMask = 2147483647;
			files = (
				670C40C825AC8E610037F7F6 /* MVVMTests.swift in Sources */,
			);
			runOnlyForDeploymentPostprocessing = 0;
		};
		670C40CA25AC8E610037F7F6 /* Sources */ = {
			isa = PBXSourcesBuildPhase;
			buildActionMask = 2147483647;
			files = (
				670C40D325AC8E610037F7F6 /* MVVMUITests.swift in Sources */,
			);
			runOnlyForDeploymentPostprocessing = 0;
		};
/* End PBXSourcesBuildPhase section */

/* Begin PBXTargetDependency section */
		670C40C525AC8E610037F7F6 /* PBXTargetDependency */ = {
			isa = PBXTargetDependency;
			target = 670C40B125AC8E5D0037F7F6 /* MVVM */;
			targetProxy = 670C40C425AC8E610037F7F6 /* PBXContainerItemProxy */;
		};
		670C40D025AC8E610037F7F6 /* PBXTargetDependency */ = {
			isa = PBXTargetDependency;
			target = 670C40B125AC8E5D0037F7F6 /* MVVM */;
			targetProxy = 670C40CF25AC8E610037F7F6 /* PBXContainerItemProxy */;
		};
/* End PBXTargetDependency section */

/* Begin XCBuildConfiguration section */
		670C40D525AC8E610037F7F6 /* Debug */ = {
			isa = XCBuildConfiguration;
			buildSettings = {
				ALWAYS_SEARCH_USER_PATHS = NO;
				CLANG_ANALYZER_NONNULL = YES;
				CLANG_ANALYZER_NUMBER_OBJECT_CONVERSION = YES_AGGRESSIVE;
				CLANG_CXX_LANGUAGE_STANDARD = "gnu++14";
				CLANG_CXX_LIBRARY = "libc++";
				CLANG_ENABLE_MODULES = YES;
				CLANG_ENABLE_OBJC_ARC = YES;
				CLANG_ENABLE_OBJC_WEAK = YES;
				CLANG_WARN_BLOCK_CAPTURE_AUTORELEASING = YES;
				CLANG_WARN_BOOL_CONVERSION = YES;
				CLANG_WARN_COMMA = YES;
				CLANG_WARN_CONSTANT_CONVERSION = YES;
				CLANG_WARN_DEPRECATED_OBJC_IMPLEMENTATIONS = YES;
				CLANG_WARN_DIRECT_OBJC_ISA_USAGE = YES_ERROR;
				CLANG_WARN_DOCUMENTATION_COMMENTS = YES;
				CLANG_WARN_EMPTY_BODY = YES;
				CLANG_WARN_ENUM_CONVERSION = YES;
				CLANG_WARN_INFINITE_RECURSION = YES;
				CLANG_WARN_INT_CONVERSION = YES;
				CLANG_WARN_NON_LITERAL_NULL_CONVERSION = YES;
				CLANG_WARN_OBJC_IMPLICIT_RETAIN_SELF = YES;
				CLANG_WARN_OBJC_LITERAL_CONVERSION = YES;
				CLANG_WARN_OBJC_ROOT_CLASS = YES_ERROR;
				CLANG_WARN_QUOTED_INCLUDE_IN_FRAMEWORK_HEADER = YES;
				CLANG_WARN_RANGE_LOOP_ANALYSIS = YES;
				CLANG_WARN_STRICT_PROTOTYPES = YES;
				CLANG_WARN_SUSPICIOUS_MOVE = YES;
				CLANG_WARN_UNGUARDED_AVAILABILITY = YES_AGGRESSIVE;
				CLANG_WARN_UNREACHABLE_CODE = YES;
				CLANG_WARN__DUPLICATE_METHOD_MATCH = YES;
				COPY_PHASE_STRIP = NO;
				DEBUG_INFORMATION_FORMAT = dwarf;
				ENABLE_STRICT_OBJC_MSGSEND = YES;
				ENABLE_TESTABILITY = YES;
				GCC_C_LANGUAGE_STANDARD = gnu11;
				GCC_DYNAMIC_NO_PIC = NO;
				GCC_NO_COMMON_BLOCKS = YES;
				GCC_OPTIMIZATION_LEVEL = 0;
				GCC_PREPROCESSOR_DEFINITIONS = (
					"DEBUG=1",
					"$(inherited)",
				);
				GCC_WARN_64_TO_32_BIT_CONVERSION = YES;
				GCC_WARN_ABOUT_RETURN_TYPE = YES_ERROR;
				GCC_WARN_UNDECLARED_SELECTOR = YES;
				GCC_WARN_UNINITIALIZED_AUTOS = YES_AGGRESSIVE;
				GCC_WARN_UNUSED_FUNCTION = YES;
				GCC_WARN_UNUSED_VARIABLE = YES;
				IPHONEOS_DEPLOYMENT_TARGET = 14.3;
				MTL_ENABLE_DEBUG_INFO = INCLUDE_SOURCE;
				MTL_FAST_MATH = YES;
				ONLY_ACTIVE_ARCH = YES;
				SDKROOT = iphoneos;
				SWIFT_ACTIVE_COMPILATION_CONDITIONS = DEBUG;
				SWIFT_OPTIMIZATION_LEVEL = "-Onone";
			};
			name = Debug;
		};
		670C40D625AC8E610037F7F6 /* Release */ = {
			isa = XCBuildConfiguration;
			buildSettings = {
				ALWAYS_SEARCH_USER_PATHS = NO;
				CLANG_ANALYZER_NONNULL = YES;
				CLANG_ANALYZER_NUMBER_OBJECT_CONVERSION = YES_AGGRESSIVE;
				CLANG_CXX_LANGUAGE_STANDARD = "gnu++14";
				CLANG_CXX_LIBRARY = "libc++";
				CLANG_ENABLE_MODULES = YES;
				CLANG_ENABLE_OBJC_ARC = YES;
				CLANG_ENABLE_OBJC_WEAK = YES;
				CLANG_WARN_BLOCK_CAPTURE_AUTORELEASING = YES;
				CLANG_WARN_BOOL_CONVERSION = YES;
				CLANG_WARN_COMMA = YES;
				CLANG_WARN_CONSTANT_CONVERSION = YES;
				CLANG_WARN_DEPRECATED_OBJC_IMPLEMENTATIONS = YES;
				CLANG_WARN_DIRECT_OBJC_ISA_USAGE = YES_ERROR;
				CLANG_WARN_DOCUMENTATION_COMMENTS = YES;
				CLANG_WARN_EMPTY_BODY = YES;
				CLANG_WARN_ENUM_CONVERSION = YES;
				CLANG_WARN_INFINITE_RECURSION = YES;
				CLANG_WARN_INT_CONVERSION = YES;
				CLANG_WARN_NON_LITERAL_NULL_CONVERSION = YES;
				CLANG_WARN_OBJC_IMPLICIT_RETAIN_SELF = YES;
				CLANG_WARN_OBJC_LITERAL_CONVERSION = YES;
				CLANG_WARN_OBJC_ROOT_CLASS = YES_ERROR;
				CLANG_WARN_QUOTED_INCLUDE_IN_FRAMEWORK_HEADER = YES;
				CLANG_WARN_RANGE_LOOP_ANALYSIS = YES;
				CLANG_WARN_STRICT_PROTOTYPES = YES;
				CLANG_WARN_SUSPICIOUS_MOVE = YES;
				CLANG_WARN_UNGUARDED_AVAILABILITY = YES_AGGRESSIVE;
				CLANG_WARN_UNREACHABLE_CODE = YES;
				CLANG_WARN__DUPLICATE_METHOD_MATCH = YES;
				COPY_PHASE_STRIP = NO;
				DEBUG_INFORMATION_FORMAT = "dwarf-with-dsym";
				ENABLE_NS_ASSERTIONS = NO;
				ENABLE_STRICT_OBJC_MSGSEND = YES;
				GCC_C_LANGUAGE_STANDARD = gnu11;
				GCC_NO_COMMON_BLOCKS = YES;
				GCC_WARN_64_TO_32_BIT_CONVERSION = YES;
				GCC_WARN_ABOUT_RETURN_TYPE = YES_ERROR;
				GCC_WARN_UNDECLARED_SELECTOR = YES;
				GCC_WARN_UNINITIALIZED_AUTOS = YES_AGGRESSIVE;
				GCC_WARN_UNUSED_FUNCTION = YES;
				GCC_WARN_UNUSED_VARIABLE = YES;
				IPHONEOS_DEPLOYMENT_TARGET = 14.3;
				MTL_ENABLE_DEBUG_INFO = NO;
				MTL_FAST_MATH = YES;
				SDKROOT = iphoneos;
				SWIFT_COMPILATION_MODE = wholemodule;
				SWIFT_OPTIMIZATION_LEVEL = "-O";
				VALIDATE_PRODUCT = YES;
			};
			name = Release;
		};
		670C40D825AC8E610037F7F6 /* Debug */ = {
			isa = XCBuildConfiguration;
			buildSettings = {
				ASSETCATALOG_COMPILER_APPICON_NAME = AppIcon;
				ASSETCATALOG_COMPILER_GLOBAL_ACCENT_COLOR_NAME = AccentColor;
				CODE_SIGN_STYLE = Automatic;
				DEVELOPMENT_ASSET_PATHS = "\"MVVM/Preview Content\"";
				DEVELOPMENT_TEAM = HKD2VCZ3TM;
				ENABLE_PREVIEWS = YES;
				INFOPLIST_FILE = MVVM/Info.plist;
				IPHONEOS_DEPLOYMENT_TARGET = 14.0;
				LD_RUNPATH_SEARCH_PATHS = (
					"$(inherited)",
					"@executable_path/Frameworks",
				);
				PRODUCT_BUNDLE_IDENTIFIER = com.maetschl.example.MVVM;
				PRODUCT_NAME = "$(TARGET_NAME)";
				SWIFT_VERSION = 5.0;
				TARGETED_DEVICE_FAMILY = "1,2";
			};
			name = Debug;
		};
		670C40D925AC8E610037F7F6 /* Release */ = {
			isa = XCBuildConfiguration;
			buildSettings = {
				ASSETCATALOG_COMPILER_APPICON_NAME = AppIcon;
				ASSETCATALOG_COMPILER_GLOBAL_ACCENT_COLOR_NAME = AccentColor;
				CODE_SIGN_STYLE = Automatic;
				DEVELOPMENT_ASSET_PATHS = "\"MVVM/Preview Content\"";
				DEVELOPMENT_TEAM = HKD2VCZ3TM;
				ENABLE_PREVIEWS = YES;
				INFOPLIST_FILE = MVVM/Info.plist;
				IPHONEOS_DEPLOYMENT_TARGET = 14.0;
				LD_RUNPATH_SEARCH_PATHS = (
					"$(inherited)",
					"@executable_path/Frameworks",
				);
				PRODUCT_BUNDLE_IDENTIFIER = com.maetschl.example.MVVM;
				PRODUCT_NAME = "$(TARGET_NAME)";
				SWIFT_VERSION = 5.0;
				TARGETED_DEVICE_FAMILY = "1,2";
			};
			name = Release;
		};
		670C40DB25AC8E610037F7F6 /* Debug */ = {
			isa = XCBuildConfiguration;
			buildSettings = {
				ALWAYS_EMBED_SWIFT_STANDARD_LIBRARIES = YES;
				BUNDLE_LOADER = "$(TEST_HOST)";
				CODE_SIGN_STYLE = Automatic;
				DEVELOPMENT_TEAM = HKD2VCZ3TM;
				INFOPLIST_FILE = MVVMTests/Info.plist;
				IPHONEOS_DEPLOYMENT_TARGET = 14.0;
				LD_RUNPATH_SEARCH_PATHS = (
					"$(inherited)",
					"@executable_path/Frameworks",
					"@loader_path/Frameworks",
				);
				PRODUCT_BUNDLE_IDENTIFIER = com.maetschl.example.MVVMTests;
				PRODUCT_NAME = "$(TARGET_NAME)";
				SWIFT_VERSION = 5.0;
				TARGETED_DEVICE_FAMILY = "1,2";
				TEST_HOST = "$(BUILT_PRODUCTS_DIR)/MVVM.app/MVVM";
			};
			name = Debug;
		};
		670C40DC25AC8E610037F7F6 /* Release */ = {
			isa = XCBuildConfiguration;
			buildSettings = {
				ALWAYS_EMBED_SWIFT_STANDARD_LIBRARIES = YES;
				BUNDLE_LOADER = "$(TEST_HOST)";
				CODE_SIGN_STYLE = Automatic;
				DEVELOPMENT_TEAM = HKD2VCZ3TM;
				INFOPLIST_FILE = MVVMTests/Info.plist;
				IPHONEOS_DEPLOYMENT_TARGET = 14.0;
				LD_RUNPATH_SEARCH_PATHS = (
					"$(inherited)",
					"@executable_path/Frameworks",
					"@loader_path/Frameworks",
				);
				PRODUCT_BUNDLE_IDENTIFIER = com.maetschl.example.MVVMTests;
				PRODUCT_NAME = "$(TARGET_NAME)";
				SWIFT_VERSION = 5.0;
				TARGETED_DEVICE_FAMILY = "1,2";
				TEST_HOST = "$(BUILT_PRODUCTS_DIR)/MVVM.app/MVVM";
			};
			name = Release;
		};
		670C40DE25AC8E610037F7F6 /* Debug */ = {
			isa = XCBuildConfiguration;
			buildSettings = {
				ALWAYS_EMBED_SWIFT_STANDARD_LIBRARIES = YES;
				CODE_SIGN_STYLE = Automatic;
				DEVELOPMENT_TEAM = HKD2VCZ3TM;
				INFOPLIST_FILE = MVVMUITests/Info.plist;
				LD_RUNPATH_SEARCH_PATHS = (
					"$(inherited)",
					"@executable_path/Frameworks",
					"@loader_path/Frameworks",
				);
				PRODUCT_BUNDLE_IDENTIFIER = com.maetschl.example.MVVMUITests;
				PRODUCT_NAME = "$(TARGET_NAME)";
				SWIFT_VERSION = 5.0;
				TARGETED_DEVICE_FAMILY = "1,2";
				TEST_TARGET_NAME = MVVM;
			};
			name = Debug;
		};
		670C40DF25AC8E610037F7F6 /* Release */ = {
			isa = XCBuildConfiguration;
			buildSettings = {
				ALWAYS_EMBED_SWIFT_STANDARD_LIBRARIES = YES;
				CODE_SIGN_STYLE = Automatic;
				DEVELOPMENT_TEAM = HKD2VCZ3TM;
				INFOPLIST_FILE = MVVMUITests/Info.plist;
				LD_RUNPATH_SEARCH_PATHS = (
					"$(inherited)",
					"@executable_path/Frameworks",
					"@loader_path/Frameworks",
				);
				PRODUCT_BUNDLE_IDENTIFIER = com.maetschl.example.MVVMUITests;
				PRODUCT_NAME = "$(TARGET_NAME)";
				SWIFT_VERSION = 5.0;
				TARGETED_DEVICE_FAMILY = "1,2";
				TEST_TARGET_NAME = MVVM;
			};
			name = Release;
		};
/* End XCBuildConfiguration section */

/* Begin XCConfigurationList section */
		670C40AD25AC8E5D0037F7F6 /* Build configuration list for PBXProject "MVVM" */ = {
			isa = XCConfigurationList;
			buildConfigurations = (
				670C40D525AC8E610037F7F6 /* Debug */,
				670C40D625AC8E610037F7F6 /* Release */,
			);
			defaultConfigurationIsVisible = 0;
			defaultConfigurationName = Release;
		};
		670C40D725AC8E610037F7F6 /* Build configuration list for PBXNativeTarget "MVVM" */ = {
			isa = XCConfigurationList;
			buildConfigurations = (
				670C40D825AC8E610037F7F6 /* Debug */,
				670C40D925AC8E610037F7F6 /* Release */,
			);
			defaultConfigurationIsVisible = 0;
			defaultConfigurationName = Release;
		};
		670C40DA25AC8E610037F7F6 /* Build configuration list for PBXNativeTarget "MVVMTests" */ = {
			isa = XCConfigurationList;
			buildConfigurations = (
				670C40DB25AC8E610037F7F6 /* Debug */,
				670C40DC25AC8E610037F7F6 /* Release */,
			);
			defaultConfigurationIsVisible = 0;
			defaultConfigurationName = Release;
		};
		670C40DD25AC8E610037F7F6 /* Build configuration list for PBXNativeTarget "MVVMUITests" */ = {
			isa = XCConfigurationList;
			buildConfigurations = (
				670C40DE25AC8E610037F7F6 /* Debug */,
				670C40DF25AC8E610037F7F6 /* Release */,
			);
			defaultConfigurationIsVisible = 0;
			defaultConfigurationName = Release;
		};
/* End XCConfigurationList section */
	};
	rootObject = 670C40AA25AC8E5D0037F7F6 /* Project object */;
}
